
Microsoft Visual Studio Solution File, Format Version 12.00
# Visual Studio Version 16
VisualStudioVersion = 16.0.30320.27
MinimumVisualStudioVersion = 10.0.40219.1
Project("{FAE04EC0-301F-11D3-BF4B-00C04F79EFBC}") = "yeni_mvc_uyg", "yeni_mvc_uyg\yeni_mvc_uyg.csproj", "{5EEB0234-3D86-49A5-9C3C-A7DF9A062CD8}"
EndProject
Global
	GlobalSection(SolutionConfigurationPlatforms) = preSolution
		Debug|Any CPU = Debug|Any CPU
		Release|Any CPU = Release|Any CPU
	EndGlobalSection
	GlobalSection(ProjectConfigurationPlatforms) = postSolution
		{5EEB0234-3D86-49A5-9C3C-A7DF9A062CD8}.Debug|Any CPU.ActiveCfg = Debug|Any CPU
		{5EEB0234-3D86-49A5-9C3C-A7DF9A062CD8}.Debug|Any CPU.Build.0 = Debug|Any CPU
		{5EEB0234-3D86-49A5-9C3C-A7DF9A062CD8}.Release|Any CPU.ActiveCfg = Release|Any CPU
		{5EEB0234-3D86-49A5-9C3C-A7DF9A062CD8}.Release|Any CPU.Build.0 = Release|Any CPU
	EndGlobalSection
	GlobalSection(SolutionProperties) = preSolution
		HideSolutionNode = FALSE
	EndGlobalSection
	GlobalSection(ExtensibilityGlobals) = postSolution
		SolutionGuid = {C98284AF-329D-41E9-85EC-45E223D13F38}
	EndGlobalSection
EndGlobal
