
Microsoft Visual Studio Solution File, Format Version 12.00
# Visual Studio Version 16
VisualStudioVersion = 16.0.30907.101
MinimumVisualStudioVersion = 10.0.40219.1
Project("{FAE04EC0-301F-11D3-BF4B-00C04F79EFBC}") = "Null Object Design Pattern", "Null Object Design Pattern\Null Object Design Pattern.csproj", "{2DC5EC05-FE3C-4632-91BF-8EB3DE22B8C7}"
EndProject
Global
	GlobalSection(SolutionConfigurationPlatforms) = preSolution
		Debug|Any CPU = Debug|Any CPU
		Release|Any CPU = Release|Any CPU
	EndGlobalSection
	GlobalSection(ProjectConfigurationPlatforms) = postSolution
		{2DC5EC05-FE3C-4632-91BF-8EB3DE22B8C7}.Debug|Any CPU.ActiveCfg = Debug|Any CPU
		{2DC5EC05-FE3C-4632-91BF-8EB3DE22B8C7}.Debug|Any CPU.Build.0 = Debug|Any CPU
		{2DC5EC05-FE3C-4632-91BF-8EB3DE22B8C7}.Release|Any CPU.ActiveCfg = Release|Any CPU
		{2DC5EC05-FE3C-4632-91BF-8EB3DE22B8C7}.Release|Any CPU.Build.0 = Release|Any CPU
	EndGlobalSection
	GlobalSection(SolutionProperties) = preSolution
		HideSolutionNode = FALSE
	EndGlobalSection
	GlobalSection(ExtensibilityGlobals) = postSolution
		SolutionGuid = {2BE87822-6C4B-4858-ABDA-45EBFD446742}
	EndGlobalSection
EndGlobal
