
Microsoft Visual Studio Solution File, Format Version 12.00
# Visual Studio 15
VisualStudioVersion = 15.0.28307.1145
MinimumVisualStudioVersion = 10.0.40219.1
Project("{FAE04EC0-301F-11D3-BF4B-00C04F79EFBC}") = "isimlendirme_dogru", "isimlendirme_dogru\isimlendirme_dogru.csproj", "{A2FD861A-F925-4C47-B1B0-EA5E31AF3049}"
EndProject
Global
	GlobalSection(SolutionConfigurationPlatforms) = preSolution
		Debug|Any CPU = Debug|Any CPU
		Release|Any CPU = Release|Any CPU
	EndGlobalSection
	GlobalSection(ProjectConfigurationPlatforms) = postSolution
		{A2FD861A-F925-4C47-B1B0-EA5E31AF3049}.Debug|Any CPU.ActiveCfg = Debug|Any CPU
		{A2FD861A-F925-4C47-B1B0-EA5E31AF3049}.Debug|Any CPU.Build.0 = Debug|Any CPU
		{A2FD861A-F925-4C47-B1B0-EA5E31AF3049}.Release|Any CPU.ActiveCfg = Release|Any CPU
		{A2FD861A-F925-4C47-B1B0-EA5E31AF3049}.Release|Any CPU.Build.0 = Release|Any CPU
	EndGlobalSection
	GlobalSection(SolutionProperties) = preSolution
		HideSolutionNode = FALSE
	EndGlobalSection
	GlobalSection(ExtensibilityGlobals) = postSolution
		SolutionGuid = {36963AD3-F309-410E-B548-35F85EE177A5}
	EndGlobalSection
EndGlobal
