
Microsoft Visual Studio Solution File, Format Version 12.00
# Visual Studio Version 16
VisualStudioVersion = 16.0.31321.278
MinimumVisualStudioVersion = 10.0.40219.1
Project("{FAE04EC0-301F-11D3-BF4B-00C04F79EFBC}") = "Ileri_programlama", "Ileri_programlama\Ileri_programlama.csproj", "{73498363-5322-448C-A671-71D6FC2F263B}"
EndProject
Project("{FAE04EC0-301F-11D3-BF4B-00C04F79EFBC}") = "IleriProgramlamaConsoleApp", "IleriProgramlamaConsoleApp\IleriProgramlamaConsoleApp.csproj", "{F6C74493-915A-4BC5-97D7-78F174BF07CD}"
EndProject
Project("{FAE04EC0-301F-11D3-BF4B-00C04F79EFBC}") = "Deneme", "Deneme\Deneme.csproj", "{9786563F-9664-460F-BE65-29B7610B7B98}"
EndProject
Global
	GlobalSection(SolutionConfigurationPlatforms) = preSolution
		Debug|Any CPU = Debug|Any CPU
		Release|Any CPU = Release|Any CPU
	EndGlobalSection
	GlobalSection(ProjectConfigurationPlatforms) = postSolution
		{73498363-5322-448C-A671-71D6FC2F263B}.Debug|Any CPU.ActiveCfg = Debug|Any CPU
		{73498363-5322-448C-A671-71D6FC2F263B}.Debug|Any CPU.Build.0 = Debug|Any CPU
		{73498363-5322-448C-A671-71D6FC2F263B}.Release|Any CPU.ActiveCfg = Release|Any CPU
		{73498363-5322-448C-A671-71D6FC2F263B}.Release|Any CPU.Build.0 = Release|Any CPU
		{F6C74493-915A-4BC5-97D7-78F174BF07CD}.Debug|Any CPU.ActiveCfg = Debug|Any CPU
		{F6C74493-915A-4BC5-97D7-78F174BF07CD}.Debug|Any CPU.Build.0 = Debug|Any CPU
		{F6C74493-915A-4BC5-97D7-78F174BF07CD}.Release|Any CPU.ActiveCfg = Release|Any CPU
		{F6C74493-915A-4BC5-97D7-78F174BF07CD}.Release|Any CPU.Build.0 = Release|Any CPU
		{9786563F-9664-460F-BE65-29B7610B7B98}.Debug|Any CPU.ActiveCfg = Debug|Any CPU
		{9786563F-9664-460F-BE65-29B7610B7B98}.Debug|Any CPU.Build.0 = Debug|Any CPU
		{9786563F-9664-460F-BE65-29B7610B7B98}.Release|Any CPU.ActiveCfg = Release|Any CPU
		{9786563F-9664-460F-BE65-29B7610B7B98}.Release|Any CPU.Build.0 = Release|Any CPU
	EndGlobalSection
	GlobalSection(SolutionProperties) = preSolution
		HideSolutionNode = FALSE
	EndGlobalSection
	GlobalSection(ExtensibilityGlobals) = postSolution
		SolutionGuid = {1B67B3DD-8656-4919-A8E3-308BDF25EDDB}
	EndGlobalSection
EndGlobal
