
Microsoft Visual Studio Solution File, Format Version 12.00
# Visual Studio 15
VisualStudioVersion = 15.0.28307.1145
MinimumVisualStudioVersion = 10.0.40219.1
Project("{FAE04EC0-301F-11D3-BF4B-00C04F79EFBC}") = "Isimlendirme_Hatali", "Isimlendirme_Hatali\Isimlendirme_Hatali.csproj", "{433A2525-667A-4853-A490-78FA11B4F3F5}"
EndProject
Global
	GlobalSection(SolutionConfigurationPlatforms) = preSolution
		Debug|Any CPU = Debug|Any CPU
		Release|Any CPU = Release|Any CPU
	EndGlobalSection
	GlobalSection(ProjectConfigurationPlatforms) = postSolution
		{433A2525-667A-4853-A490-78FA11B4F3F5}.Debug|Any CPU.ActiveCfg = Debug|Any CPU
		{433A2525-667A-4853-A490-78FA11B4F3F5}.Debug|Any CPU.Build.0 = Debug|Any CPU
		{433A2525-667A-4853-A490-78FA11B4F3F5}.Release|Any CPU.ActiveCfg = Release|Any CPU
		{433A2525-667A-4853-A490-78FA11B4F3F5}.Release|Any CPU.Build.0 = Release|Any CPU
	EndGlobalSection
	GlobalSection(SolutionProperties) = preSolution
		HideSolutionNode = FALSE
	EndGlobalSection
	GlobalSection(ExtensibilityGlobals) = postSolution
		SolutionGuid = {47963539-C008-46C9-BD20-12D226003F95}
	EndGlobalSection
EndGlobal
