
Microsoft Visual Studio Solution File, Format Version 12.00
# Visual Studio Version 16
VisualStudioVersion = 16.0.29411.108
MinimumVisualStudioVersion = 10.0.40219.1
Project("{FAE04EC0-301F-11D3-BF4B-00C04F79EFBC}") = "stateDesignPatternOrnegi", "stateDesignPatternOrnegi\stateDesignPatternOrnegi.csproj", "{324BC58D-4A37-4D49-8C0D-AB6D151FD96A}"
EndProject
Global
	GlobalSection(SolutionConfigurationPlatforms) = preSolution
		Debug|Any CPU = Debug|Any CPU
		Release|Any CPU = Release|Any CPU
	EndGlobalSection
	GlobalSection(ProjectConfigurationPlatforms) = postSolution
		{324BC58D-4A37-4D49-8C0D-AB6D151FD96A}.Debug|Any CPU.ActiveCfg = Debug|Any CPU
		{324BC58D-4A37-4D49-8C0D-AB6D151FD96A}.Debug|Any CPU.Build.0 = Debug|Any CPU
		{324BC58D-4A37-4D49-8C0D-AB6D151FD96A}.Release|Any CPU.ActiveCfg = Release|Any CPU
		{324BC58D-4A37-4D49-8C0D-AB6D151FD96A}.Release|Any CPU.Build.0 = Release|Any CPU
	EndGlobalSection
	GlobalSection(SolutionProperties) = preSolution
		HideSolutionNode = FALSE
	EndGlobalSection
	GlobalSection(ExtensibilityGlobals) = postSolution
		SolutionGuid = {CCB3D6F7-6419-4EFB-8267-FBA725FA0508}
	EndGlobalSection
EndGlobal
