
Microsoft Visual Studio Solution File, Format Version 12.00
# Visual Studio Version 16
VisualStudioVersion = 16.0.31005.135
MinimumVisualStudioVersion = 10.0.40219.1
Project("{FAE04EC0-301F-11D3-BF4B-00C04F79EFBC}") = "ileriProgramlama", "ileriProgramlama\ileriProgramlama.csproj", "{61B94752-114F-43C7-B407-704332CE4E74}"
EndProject
Global
	GlobalSection(SolutionConfigurationPlatforms) = preSolution
		Debug|Any CPU = Debug|Any CPU
		Release|Any CPU = Release|Any CPU
	EndGlobalSection
	GlobalSection(ProjectConfigurationPlatforms) = postSolution
		{61B94752-114F-43C7-B407-704332CE4E74}.Debug|Any CPU.ActiveCfg = Debug|Any CPU
		{61B94752-114F-43C7-B407-704332CE4E74}.Debug|Any CPU.Build.0 = Debug|Any CPU
		{61B94752-114F-43C7-B407-704332CE4E74}.Release|Any CPU.ActiveCfg = Release|Any CPU
		{61B94752-114F-43C7-B407-704332CE4E74}.Release|Any CPU.Build.0 = Release|Any CPU
	EndGlobalSection
	GlobalSection(SolutionProperties) = preSolution
		HideSolutionNode = FALSE
	EndGlobalSection
	GlobalSection(ExtensibilityGlobals) = postSolution
		SolutionGuid = {8F6E0493-18DA-42F5-8E1C-0E1175E8A87A}
	EndGlobalSection
EndGlobal
