
Microsoft Visual Studio Solution File, Format Version 12.00
# Visual Studio Version 16
VisualStudioVersion = 16.0.31321.278
MinimumVisualStudioVersion = 10.0.40219.1
Project("{FAE04EC0-301F-11D3-BF4B-00C04F79EFBC}") = "State Pattern", "State Pattern\State Pattern.csproj", "{C8BA016B-DBCA-49D0-9A01-70886B9F365C}"
EndProject
Global
	GlobalSection(SolutionConfigurationPlatforms) = preSolution
		Debug|Any CPU = Debug|Any CPU
		Release|Any CPU = Release|Any CPU
	EndGlobalSection
	GlobalSection(ProjectConfigurationPlatforms) = postSolution
		{C8BA016B-DBCA-49D0-9A01-70886B9F365C}.Debug|Any CPU.ActiveCfg = Debug|Any CPU
		{C8BA016B-DBCA-49D0-9A01-70886B9F365C}.Debug|Any CPU.Build.0 = Debug|Any CPU
		{C8BA016B-DBCA-49D0-9A01-70886B9F365C}.Release|Any CPU.ActiveCfg = Release|Any CPU
		{C8BA016B-DBCA-49D0-9A01-70886B9F365C}.Release|Any CPU.Build.0 = Release|Any CPU
	EndGlobalSection
	GlobalSection(SolutionProperties) = preSolution
		HideSolutionNode = FALSE
	EndGlobalSection
	GlobalSection(ExtensibilityGlobals) = postSolution
		SolutionGuid = {A91AD55D-9979-4AAC-93A9-DFA1B82BD45C}
	EndGlobalSection
EndGlobal
